# THIS IS AN AUTOGENERATED FILE. DO NOT EDIT THIS FILE DIRECTLY.
# yarn lockfile v1


ipc-node-go@^0.1.8:
  version "0.1.8"
  resolved "https://registry.yarnpkg.com/ipc-node-go/-/ipc-node-go-0.1.8.tgz#696634f2d3b93e2ee2172dc2bc558ac72870edf9"
  integrity sha512-YvWZrLxl8nmDw3ri+QvJFzebEJm9DivnYoxa+uO41Ncuod912NeRL6hPOxVXCivEteJ7iEmJKEcz3PKEAmQFsA==
